
Microsoft Visual Studio Solution File, Format Version 12.00
# Visual Studio Version 17
VisualStudioVersion = 17.13.35931.197 d17.13
MinimumVisualStudioVersion = 10.0.40219.1
Project("{FAE04EC0-301F-11D3-BF4B-00C04F79EFBC}") = "ActivityTracker", "ActivityTracker\ActivityTracker.csproj", "{985CD327-15A9-4853-8758-8D8B9D73B793}"
EndProject
Global
	GlobalSection(SolutionConfigurationPlatforms) = preSolution
		Debug|ARM64 = Debug|ARM64
		Debug|x64 = Debug|x64
		Debug|x86 = Debug|x86
		Release|ARM64 = Release|ARM64
		Release|x64 = Release|x64
		Release|x86 = Release|x86
	EndGlobalSection
	GlobalSection(ProjectConfigurationPlatforms) = postSolution
		{985CD327-15A9-4853-8758-8D8B9D73B793}.Debug|ARM64.ActiveCfg = Debug|ARM64
		{985CD327-15A9-4853-8758-8D8B9D73B793}.Debug|ARM64.Build.0 = Debug|ARM64
		{985CD327-15A9-4853-8758-8D8B9D73B793}.Debug|ARM64.Deploy.0 = Debug|ARM64
		{985CD327-15A9-4853-8758-8D8B9D73B793}.Debug|x64.ActiveCfg = Debug|x64
		{985CD327-15A9-4853-8758-8D8B9D73B793}.Debug|x64.Build.0 = Debug|x64
		{985CD327-15A9-4853-8758-8D8B9D73B793}.Debug|x64.Deploy.0 = Debug|x64
		{985CD327-15A9-4853-8758-8D8B9D73B793}.Debug|x86.ActiveCfg = Debug|x86
		{985CD327-15A9-4853-8758-8D8B9D73B793}.Debug|x86.Build.0 = Debug|x86
		{985CD327-15A9-4853-8758-8D8B9D73B793}.Debug|x86.Deploy.0 = Debug|x86
		{985CD327-15A9-4853-8758-8D8B9D73B793}.Release|ARM64.ActiveCfg = Release|ARM64
		{985CD327-15A9-4853-8758-8D8B9D73B793}.Release|ARM64.Build.0 = Release|ARM64
		{985CD327-15A9-4853-8758-8D8B9D73B793}.Release|ARM64.Deploy.0 = Release|ARM64
		{985CD327-15A9-4853-8758-8D8B9D73B793}.Release|x64.ActiveCfg = Release|x64
		{985CD327-15A9-4853-8758-8D8B9D73B793}.Release|x64.Build.0 = Release|x64
		{985CD327-15A9-4853-8758-8D8B9D73B793}.Release|x64.Deploy.0 = Release|x64
		{985CD327-15A9-4853-8758-8D8B9D73B793}.Release|x86.ActiveCfg = Release|x86
		{985CD327-15A9-4853-8758-8D8B9D73B793}.Release|x86.Build.0 = Release|x86
		{985CD327-15A9-4853-8758-8D8B9D73B793}.Release|x86.Deploy.0 = Release|x86
	EndGlobalSection
	GlobalSection(SolutionProperties) = preSolution
		HideSolutionNode = FALSE
	EndGlobalSection
	GlobalSection(ExtensibilityGlobals) = postSolution
		SolutionGuid = {3D62E532-1BA5-49F2-B1B8-A51ED93FAE69}
	EndGlobalSection
EndGlobal
